
Microsoft Visual Studio Solution File, Format Version 12.00
# Visual Studio Version 17
VisualStudioVersion = 17.14.37710.0
MinimumVisualStudioVersion = 10.0.40219.1
Project("{FAE04EC0-301F-11D3-BF4B-00C04F79EFBC}") = "AskBofah", "AskBofah\AskBofah.csproj", "{C1FF1E35-14B3-49AE-AEB9-780A3AE79B53}"
EndProject
Project("{FAE04EC0-301F-11D3-BF4B-00C04F79EFBC}") = "AskBofah.Api", "AskBofah.Api\AskBofah.Api.csproj", "{4A58AD62-AAD8-408E-B126-4A29A3FB705F}"
EndProject
Global
	GlobalSection(SolutionConfigurationPlatforms) = preSolution
		Debug|Any CPU = Debug|Any CPU
		Release|Any CPU = Release|Any CPU
	EndGlobalSection
	GlobalSection(ProjectConfigurationPlatforms) = postSolution
		{C1FF1E35-14B3-49AE-AEB9-780A3AE79B53}.Debug|Any CPU.ActiveCfg = Debug|Any CPU
		{C1FF1E35-14B3-49AE-AEB9-780A3AE79B53}.Debug|Any CPU.Build.0 = Debug|Any CPU
		{C1FF1E35-14B3-49AE-AEB9-780A3AE79B53}.Release|Any CPU.ActiveCfg = Release|Any CPU
		{C1FF1E35-14B3-49AE-AEB9-780A3AE79B53}.Release|Any CPU.Build.0 = Release|Any CPU
		{4A58AD62-AAD8-408E-B126-4A29A3FB705F}.Debug|Any CPU.ActiveCfg = Debug|Any CPU
		{4A58AD62-AAD8-408E-B126-4A29A3FB705F}.Debug|Any CPU.Build.0 = Debug|Any CPU
		{4A58AD62-AAD8-408E-B126-4A29A3FB705F}.Release|Any CPU.ActiveCfg = Release|Any CPU
		{4A58AD62-AAD8-408E-B126-4A29A3FB705F}.Release|Any CPU.Build.0 = Release|Any CPU
	EndGlobalSection
	GlobalSection(SolutionProperties) = preSolution
		HideSolutionNode = FALSE
	EndGlobalSection
	GlobalSection(ExtensibilityGlobals) = postSolution
		SolutionGuid = {46A04D43-A522-4702-9D9F-18418909E345}
	EndGlobalSection
EndGlobal
